// !$*UTF8*$!
{
	archiveVersion = 1;
	classes = {
	};
	objectVersion = 46;
	objects = {

/* Begin PBXBuildFile section */
		A385DD301C9A96A50090598C /* main.m in Sources */ = {isa = PBXBuildFile; fileRef = A385DD2F1C9A96A50090598C /* main.m */; };
		A385DD331C9A96A50090598C /* AppDelegate.m in Sources */ = {isa = PBXBuildFile; fileRef = A385DD321C9A96A50090598C /* AppDelegate.m */; };
		A385DD361C9A96A50090598C /* ViewController.m in Sources */ = {isa = PBXBuildFile; fileRef = A385DD351C9A96A50090598C /* ViewController.m */; };
		A385DD391C9A96A50090598C /* Main.storyboard in Resources */ = {isa = PBXBuildFile; fileRef = A385DD371C9A96A50090598C /* Main.storyboard */; };
		A385DD3B1C9A96A50090598C /* Assets.xcassets in Resources */ = {isa = PBXBuildFile; fileRef = A385DD3A1C9A96A50090598C /* Assets.xcassets */; };
		A385DD3E1C9A96A50090598C /* LaunchScreen.storyboard in Resources */ = {isa = PBXBuildFile; fileRef = A385DD3C1C9A96A50090598C /* LaunchScreen.storyboard */; };
		A385DD491C9A96A50090598C /* ___Tests.m in Sources */ = {isa = PBXBuildFile; fileRef = A385DD481C9A96A50090598C /* ___Tests.m */; };
		A385DD541C9A96A50090598C /* ___UITests.m in Sources */ = {isa = PBXBuildFile; fileRef = A385DD531C9A96A50090598C /* ___UITests.m */; };
		A385DD631C9A99CB0090598C /* UIView+RYF.m in Sources */ = {isa = PBXBuildFile; fileRef = A385DD621C9A99CB0090598C /* UIView+RYF.m */; };
/* End PBXBuildFile section */

/* Begin PBXContainerItemProxy section */
		A385DD451C9A96A50090598C /* PBXContainerItemProxy */ = {
			isa = PBXContainerItemProxy;
			containerPortal = A385DD231C9A96A40090598C /* Project object */;
			proxyType = 1;
			remoteGlobalIDString = A385DD2A1C9A96A50090598C;
			remoteInfo = "启动图";
		};
		A385DD501C9A96A50090598C /* PBXContainerItemProxy */ = {
			isa = PBXContainerItemProxy;
			containerPortal = A385DD231C9A96A40090598C /* Project object */;
			proxyType = 1;
			remoteGlobalIDString = A385DD2A1C9A96A50090598C;
			remoteInfo = "启动图";
		};
/* End PBXContainerItemProxy section */

/* Begin PBXFileReference section */
		A385DD2B1C9A96A50090598C /* 启动图.app */ = {isa = PBXFileReference; explicitFileType = wrapper.application; includeInIndex = 0; path = "启动图.app"; sourceTree = BUILT_PRODUCTS_DIR; };
		A385DD2F1C9A96A50090598C /* main.m */ = {isa = PBXFileReference; lastKnownFileType = sourcecode.c.objc; path = main.m; sourceTree = "<group>"; };
		A385DD311C9A96A50090598C /* AppDelegate.h */ = {isa = PBXFileReference; lastKnownFileType = sourcecode.c.h; path = AppDelegate.h; sourceTree = "<group>"; };
		A385DD321C9A96A50090598C /* AppDelegate.m */ = {isa = PBXFileReference; lastKnownFileType = sourcecode.c.objc; path = AppDelegate.m; sourceTree = "<group>"; };
		A385DD341C9A96A50090598C /* ViewController.h */ = {isa = PBXFileReference; lastKnownFileType = sourcecode.c.h; path = ViewController.h; sourceTree = "<group>"; };
		A385DD351C9A96A50090598C /* ViewController.m */ = {isa = PBXFileReference; lastKnownFileType = sourcecode.c.objc; path = ViewController.m; sourceTree = "<group>"; };
		A385DD381C9A96A50090598C /* Base */ = {isa = PBXFileReference; lastKnownFileType = file.storyboard; name = Base; path = Base.lproj/Main.storyboard; sourceTree = "<group>"; };
		A385DD3A1C9A96A50090598C /* Assets.xcassets */ = {isa = PBXFileReference; lastKnownFileType = folder.assetcatalog; path = Assets.xcassets; sourceTree = "<group>"; };
		A385DD3D1C9A96A50090598C /* Base */ = {isa = PBXFileReference; lastKnownFileType = file.storyboard; name = Base; path = Base.lproj/LaunchScreen.storyboard; sourceTree = "<group>"; };
		A385DD3F1C9A96A50090598C /* Info.plist */ = {isa = PBXFileReference; lastKnownFileType = text.plist.xml; path = Info.plist; sourceTree = "<group>"; };
		A385DD441C9A96A50090598C /* 启动图Tests.xctest */ = {isa = PBXFileReference; explicitFileType = wrapper.cfbundle; includeInIndex = 0; path = "启动图Tests.xctest"; sourceTree = BUILT_PRODUCTS_DIR; };
		A385DD481C9A96A50090598C /* ___Tests.m */ = {isa = PBXFileReference; lastKnownFileType = sourcecode.c.objc; path = "___Tests.m"; sourceTree = "<group>"; };
		A385DD4A1C9A96A50090598C /* Info.plist */ = {isa = PBXFileReference; lastKnownFileType = text.plist.xml; path = Info.plist; sourceTree = "<group>"; };
		A385DD4F1C9A96A50090598C /* 启动图UITests.xctest */ = {isa = PBXFileReference; explicitFileType = wrapper.cfbundle; includeInIndex = 0; path = "启动图UITests.xctest"; sourceTree = BUILT_PRODUCTS_DIR; };
		A385DD531C9A96A50090598C /* ___UITests.m */ = {isa = PBXFileReference; lastKnownFileType = sourcecode.c.objc; path = "___UITests.m"; sourceTree = "<group>"; };
		A385DD551C9A96A50090598C /* Info.plist */ = {isa = PBXFileReference; lastKnownFileType = text.plist.xml; path = Info.plist; sourceTree = "<group>"; };
		A385DD611C9A99CB0090598C /* UIView+RYF.h */ = {isa = PBXFileReference; fileEncoding = 4; lastKnownFileType = sourcecode.c.h; path = "UIView+RYF.h"; sourceTree = "<group>"; };
		A385DD621C9A99CB0090598C /* UIView+RYF.m */ = {isa = PBXFileReference; fileEncoding = 4; lastKnownFileType = sourcecode.c.objc; path = "UIView+RYF.m"; sourceTree = "<group>"; };
/* End PBXFileReference section */

/* Begin PBXFrameworksBuildPhase section */
		A385DD281C9A96A50090598C /* Frameworks */ = {
			isa = PBXFrameworksBuildPhase;
			buildActionMask = 2147483647;
			files = (
			);
			runOnlyForDeploymentPostprocessing = 0;
		};
		A385DD411C9A96A50090598C /* Frameworks */ = {
			isa = PBXFrameworksBuildPhase;
			buildActionMask = 2147483647;
			files = (
			);
			runOnlyForDeploymentPostprocessing = 0;
		};
		A385DD4C1C9A96A50090598C /* Frameworks */ = {
			isa = PBXFrameworksBuildPhase;
			buildActionMask = 2147483647;
			files = (
			);
			runOnlyForDeploymentPostprocessing = 0;
		};
/* End PBXFrameworksBuildPhase section */

/* Begin PBXGroup section */
		A385DD221C9A96A40090598C = {
			isa = PBXGroup;
			children = (
				A385DD2D1C9A96A50090598C /* 启动图 */,
				A385DD471C9A96A50090598C /* 启动图Tests */,
				A385DD521C9A96A50090598C /* 启动图UITests */,
				A385DD2C1C9A96A50090598C /* Products */,
			);
			sourceTree = "<group>";
		};
		A385DD2C1C9A96A50090598C /* Products */ = {
			isa = PBXGroup;
			children = (
				A385DD2B1C9A96A50090598C /* 启动图.app */,
				A385DD441C9A96A50090598C /* 启动图Tests.xctest */,
				A385DD4F1C9A96A50090598C /* 启动图UITests.xctest */,
			);
			name = Products;
			sourceTree = "<group>";
		};
		A385DD2D1C9A96A50090598C /* 启动图 */ = {
			isa = PBXGroup;
			children = (
				A385DD611C9A99CB0090598C /* UIView+RYF.h */,
				A385DD621C9A99CB0090598C /* UIView+RYF.m */,
				A385DD311C9A96A50090598C /* AppDelegate.h */,
				A385DD321C9A96A50090598C /* AppDelegate.m */,
				A385DD341C9A96A50090598C /* ViewController.h */,
				A385DD351C9A96A50090598C /* ViewController.m */,
				A385DD371C9A96A50090598C /* Main.storyboard */,
				A385DD3A1C9A96A50090598C /* Assets.xcassets */,
				A385DD3C1C9A96A50090598C /* LaunchScreen.storyboard */,
				A385DD3F1C9A96A50090598C /* Info.plist */,
				A385DD2E1C9A96A50090598C /* Supporting Files */,
			);
			path = "启动图";
			sourceTree = "<group>";
		};
		A385DD2E1C9A96A50090598C /* Supporting Files */ = {
			isa = PBXGroup;
			children = (
				A385DD2F1C9A96A50090598C /* main.m */,
			);
			name = "Supporting Files";
			sourceTree = "<group>";
		};
		A385DD471C9A96A50090598C /* 启动图Tests */ = {
			isa = PBXGroup;
			children = (
				A385DD481C9A96A50090598C /* ___Tests.m */,
				A385DD4A1C9A96A50090598C /* Info.plist */,
			);
			path = "启动图Tests";
			sourceTree = "<group>";
		};
		A385DD521C9A96A50090598C /* 启动图UITests */ = {
			isa = PBXGroup;
			children = (
				A385DD531C9A96A50090598C /* ___UITests.m */,
				A385DD551C9A96A50090598C /* Info.plist */,
			);
			path = "启动图UITests";
			sourceTree = "<group>";
		};
/* End PBXGroup section */

/* Begin PBXNativeTarget section */
		A385DD2A1C9A96A50090598C /* 启动图 */ = {
			isa = PBXNativeTarget;
			buildConfigurationList = A385DD581C9A96A50090598C /* Build configuration list for PBXNativeTarget "启动图" */;
			buildPhases = (
				A385DD271C9A96A50090598C /* Sources */,
				A385DD281C9A96A50090598C /* Frameworks */,
				A385DD291C9A96A50090598C /* Resources */,
			);
			buildRules = (
			);
			dependencies = (
			);
			name = "启动图";
			productName = "启动图";
			productReference = A385DD2B1C9A96A50090598C /* 启动图.app */;
			productType = "com.apple.product-type.application";
		};
		A385DD431C9A96A50090598C /* 启动图Tests */ = {
			isa = PBXNativeTarget;
			buildConfigurationList = A385DD5B1C9A96A50090598C /* Build configuration list for PBXNativeTarget "启动图Tests" */;
			buildPhases = (
				A385DD401C9A96A50090598C /* Sources */,
				A385DD411C9A96A50090598C /* Frameworks */,
				A385DD421C9A96A50090598C /* Resources */,
			);
			buildRules = (
			);
			dependencies = (
				A385DD461C9A96A50090598C /* PBXTargetDependency */,
			);
			name = "启动图Tests";
			productName = "启动图Tests";
			productReference = A385DD441C9A96A50090598C /* 启动图Tests.xctest */;
			productType = "com.apple.product-type.bundle.unit-test";
		};
		A385DD4E1C9A96A50090598C /* 启动图UITests */ = {
			isa = PBXNativeTarget;
			buildConfigurationList = A385DD5E1C9A96A50090598C /* Build configuration list for PBXNativeTarget "启动图UITests" */;
			buildPhases = (
				A385DD4B1C9A96A50090598C /* Sources */,
				A385DD4C1C9A96A50090598C /* Frameworks */,
				A385DD4D1C9A96A50090598C /* Resources */,
			);
			buildRules = (
			);
			dependencies = (
				A385DD511C9A96A50090598C /* PBXTargetDependency */,
			);
			name = "启动图UITests";
			productName = "启动图UITests";
			productReference = A385DD4F1C9A96A50090598C /* 启动图UITests.xctest */;
			productType = "com.apple.product-type.bundle.ui-testing";
		};
/* End PBXNativeTarget section */

/* Begin PBXProject section */
		A385DD231C9A96A40090598C /* Project object */ = {
			isa = PBXProject;
			attributes = {
				LastUpgradeCheck = 0720;
				ORGANIZATIONNAME = "任玉飞";
				TargetAttributes = {
					A385DD2A1C9A96A50090598C = {
						CreatedOnToolsVersion = 7.2.1;
					};
					A385DD431C9A96A50090598C = {
						CreatedOnToolsVersion = 7.2.1;
						TestTargetID = A385DD2A1C9A96A50090598C;
					};
					A385DD4E1C9A96A50090598C = {
						CreatedOnToolsVersion = 7.2.1;
						TestTargetID = A385DD2A1C9A96A50090598C;
					};
				};
			};
			buildConfigurationList = A385DD261C9A96A40090598C /* Build configuration list for PBXProject "启动图" */;
			compatibilityVersion = "Xcode 3.2";
			developmentRegion = English;
			hasScannedForEncodings = 0;
			knownRegions = (
				en,
				Base,
			);
			mainGroup = A385DD221C9A96A40090598C;
			productRefGroup = A385DD2C1C9A96A50090598C /* Products */;
			projectDirPath = "";
			projectRoot = "";
			targets = (
				A385DD2A1C9A96A50090598C /* 启动图 */,
				A385DD431C9A96A50090598C /* 启动图Tests */,
				A385DD4E1C9A96A50090598C /* 启动图UITests */,
			);
		};
/* End PBXProject section */

/* Begin PBXResourcesBuildPhase section */
		A385DD291C9A96A50090598C /* Resources */ = {
			isa = PBXResourcesBuildPhase;
			buildActionMask = 2147483647;
			files = (
				A385DD3E1C9A96A50090598C /* LaunchScreen.storyboard in Resources */,
				A385DD3B1C9A96A50090598C /* Assets.xcassets in Resources */,
				A385DD391C9A96A50090598C /* Main.storyboard in Resources */,
			);
			runOnlyForDeploymentPostprocessing = 0;
		};
		A385DD421C9A96A50090598C /* Resources */ = {
			isa = PBXResourcesBuildPhase;
			buildActionMask = 2147483647;
			files = (
			);
			runOnlyForDeploymentPostprocessing = 0;
		};
		A385DD4D1C9A96A50090598C /* Resources */ = {
			isa = PBXResourcesBuildPhase;
			buildActionMask = 2147483647;
			files = (
			);
			runOnlyForDeploymentPostprocessing = 0;
		};
/* End PBXResourcesBuildPhase section */

/* Begin PBXSourcesBuildPhase section */
		A385DD271C9A96A50090598C /* Sources */ = {
			isa = PBXSourcesBuildPhase;
			buildActionMask = 2147483647;
			files = (
				A385DD631C9A99CB0090598C /* UIView+RYF.m in Sources */,
				A385DD361C9A96A50090598C /* ViewController.m in Sources */,
				A385DD331C9A96A50090598C /* AppDelegate.m in Sources */,
				A385DD301C9A96A50090598C /* main.m in Sources */,
			);
			runOnlyForDeploymentPostprocessing = 0;
		};
		A385DD401C9A96A50090598C /* Sources */ = {
			isa = PBXSourcesBuildPhase;
			buildActionMask = 2147483647;
			files = (
				A385DD491C9A96A50090598C /* ___Tests.m in Sources */,
			);
			runOnlyForDeploymentPostprocessing = 0;
		};
		A385DD4B1C9A96A50090598C /* Sources */ = {
			isa = PBXSourcesBuildPhase;
			buildActionMask = 2147483647;
			files = (
				A385DD541C9A96A50090598C /* ___UITests.m in Sources */,
			);
			runOnlyForDeploymentPostprocessing = 0;
		};
/* End PBXSourcesBuildPhase section */

/* Begin PBXTargetDependency section */
		A385DD461C9A96A50090598C /* PBXTargetDependency */ = {
			isa = PBXTargetDependency;
			target = A385DD2A1C9A96A50090598C /* 启动图 */;
			targetProxy = A385DD451C9A96A50090598C /* PBXContainerItemProxy */;
		};
		A385DD511C9A96A50090598C /* PBXTargetDependency */ = {
			isa = PBXTargetDependency;
			target = A385DD2A1C9A96A50090598C /* 启动图 */;
			targetProxy = A385DD501C9A96A50090598C /* PBXContainerItemProxy */;
		};
/* End PBXTargetDependency section */

/* Begin PBXVariantGroup section */
		A385DD371C9A96A50090598C /* Main.storyboard */ = {
			isa = PBXVariantGroup;
			children = (
				A385DD381C9A96A50090598C /* Base */,
			);
			name = Main.storyboard;
			sourceTree = "<group>";
		};
		A385DD3C1C9A96A50090598C /* LaunchScreen.storyboard */ = {
			isa = PBXVariantGroup;
			children = (
				A385DD3D1C9A96A50090598C /* Base */,
			);
			name = LaunchScreen.storyboard;
			sourceTree = "<group>";
		};
/* End PBXVariantGroup section */

/* Begin XCBuildConfiguration section */
		A385DD561C9A96A50090598C /* Debug */ = {
			isa = XCBuildConfiguration;
			buildSettings = {
				ALWAYS_SEARCH_USER_PATHS = NO;
				CLANG_CXX_LANGUAGE_STANDARD = "gnu++0x";
				CLANG_CXX_LIBRARY = "libc++";
				CLANG_ENABLE_MODULES = YES;
				CLANG_ENABLE_OBJC_ARC = YES;
				CLANG_WARN_BOOL_CONVERSION = YES;
				CLANG_WARN_CONSTANT_CONVERSION = YES;
				CLANG_WARN_DIRECT_OBJC_ISA_USAGE = YES_ERROR;
				CLANG_WARN_EMPTY_BODY = YES;
				CLANG_WARN_ENUM_CONVERSION = YES;
				CLANG_WARN_INT_CONVERSION = YES;
				CLANG_WARN_OBJC_ROOT_CLASS = YES_ERROR;
				CLANG_WARN_UNREACHABLE_CODE = YES;
				CLANG_WARN__DUPLICATE_METHOD_MATCH = YES;
				"CODE_SIGN_IDENTITY[sdk=iphoneos*]" = "iPhone Developer";
				COPY_PHASE_STRIP = NO;
				DEBUG_INFORMATION_FORMAT = dwarf;
				ENABLE_STRICT_OBJC_MSGSEND = YES;
				ENABLE_TESTABILITY = YES;
				GCC_C_LANGUAGE_STANDARD = gnu99;
				GCC_DYNAMIC_NO_PIC = NO;
				GCC_NO_COMMON_BLOCKS = YES;
				GCC_OPTIMIZATION_LEVEL = 0;
				GCC_PREPROCESSOR_DEFINITIONS = (
					"DEBUG=1",
					"$(inherited)",
				);
				GCC_WARN_64_TO_32_BIT_CONVERSION = YES;
				GCC_WARN_ABOUT_RETURN_TYPE = YES_ERROR;
				GCC_WARN_UNDECLARED_SELECTOR = YES;
				GCC_WARN_UNINITIALIZED_AUTOS = YES_AGGRESSIVE;
				GCC_WARN_UNUSED_FUNCTION = YES;
				GCC_WARN_UNUSED_VARIABLE = YES;
				IPHONEOS_DEPLOYMENT_TARGET = 9.2;
				MTL_ENABLE_DEBUG_INFO = YES;
				ONLY_ACTIVE_ARCH = YES;
				SDKROOT = iphoneos;
				TARGETED_DEVICE_FAMILY = "1,2";
			};
			name = Debug;
		};
		A385DD571C9A96A50090598C /* Release */ = {
			isa = XCBuildConfiguration;
			buildSettings = {
				ALWAYS_SEARCH_USER_PATHS = NO;
				CLANG_CXX_LANGUAGE_STANDARD = "gnu++0x";
				CLANG_CXX_LIBRARY = "libc++";
				CLANG_ENABLE_MODULES = YES;
				CLANG_ENABLE_OBJC_ARC = YES;
				CLANG_WARN_BOOL_CONVERSION = YES;
				CLANG_WARN_CONSTANT_CONVERSION = YES;
				CLANG_WARN_DIRECT_OBJC_ISA_USAGE = YES_ERROR;
				CLANG_WARN_EMPTY_BODY = YES;
				CLANG_WARN_ENUM_CONVERSION = YES;
				CLANG_WARN_INT_CONVERSION = YES;
				CLANG_WARN_OBJC_ROOT_CLASS = YES_ERROR;
				CLANG_WARN_UNREACHABLE_CODE = YES;
				CLANG_WARN__DUPLICATE_METHOD_MATCH = YES;
				"CODE_SIGN_IDENTITY[sdk=iphoneos*]" = "iPhone Developer";
				COPY_PHASE_STRIP = NO;
				DEBUG_INFORMATION_FORMAT = "dwarf-with-dsym";
				ENABLE_NS_ASSERTIONS = NO;
				ENABLE_STRICT_OBJC_MSGSEND = YES;
				GCC_C_LANGUAGE_STANDARD = gnu99;
				GCC_NO_COMMON_BLOCKS = YES;
				GCC_WARN_64_TO_32_BIT_CONVERSION = YES;
				GCC_WARN_ABOUT_RETURN_TYPE = YES_ERROR;
				GCC_WARN_UNDECLARED_SELECTOR = YES;
				GCC_WARN_UNINITIALIZED_AUTOS = YES_AGGRESSIVE;
				GCC_WARN_UNUSED_FUNCTION = YES;
				GCC_WARN_UNUSED_VARIABLE = YES;
				IPHONEOS_DEPLOYMENT_TARGET = 9.2;
				MTL_ENABLE_DEBUG_INFO = NO;
				SDKROOT = iphoneos;
				TARGETED_DEVICE_FAMILY = "1,2";
				VALIDATE_PRODUCT = YES;
			};
			name = Release;
		};
		A385DD591C9A96A50090598C /* Debug */ = {
			isa = XCBuildConfiguration;
			buildSettings = {
				ASSETCATALOG_COMPILER_APPICON_NAME = AppIcon;
				INFOPLIST_FILE = "启动图/Info.plist";
				LD_RUNPATH_SEARCH_PATHS = "$(inherited) @executable_path/Frameworks";
				PRODUCT_BUNDLE_IDENTIFIER = "RYF.---";
				PRODUCT_NAME = "$(TARGET_NAME)";
			};
			name = Debug;
		};
		A385DD5A1C9A96A50090598C /* Release */ = {
			isa = XCBuildConfiguration;
			buildSettings = {
				ASSETCATALOG_COMPILER_APPICON_NAME = AppIcon;
				INFOPLIST_FILE = "启动图/Info.plist";
				LD_RUNPATH_SEARCH_PATHS = "$(inherited) @executable_path/Frameworks";
				PRODUCT_BUNDLE_IDENTIFIER = "RYF.---";
				PRODUCT_NAME = "$(TARGET_NAME)";
			};
			name = Release;
		};
		A385DD5C1C9A96A50090598C /* Debug */ = {
			isa = XCBuildConfiguration;
			buildSettings = {
				BUNDLE_LOADER = "$(TEST_HOST)";
				INFOPLIST_FILE = "启动图Tests/Info.plist";
				LD_RUNPATH_SEARCH_PATHS = "$(inherited) @executable_path/Frameworks @loader_path/Frameworks";
				PRODUCT_BUNDLE_IDENTIFIER = "RYF.---Tests";
				PRODUCT_NAME = "$(TARGET_NAME)";
				TEST_HOST = "$(BUILT_PRODUCTS_DIR)/启动图.app/启动图";
			};
			name = Debug;
		};
		A385DD5D1C9A96A50090598C /* Release */ = {
			isa = XCBuildConfiguration;
			buildSettings = {
				BUNDLE_LOADER = "$(TEST_HOST)";
				INFOPLIST_FILE = "启动图Tests/Info.plist";
				LD_RUNPATH_SEARCH_PATHS = "$(inherited) @executable_path/Frameworks @loader_path/Frameworks";
				PRODUCT_BUNDLE_IDENTIFIER = "RYF.---Tests";
				PRODUCT_NAME = "$(TARGET_NAME)";
				TEST_HOST = "$(BUILT_PRODUCTS_DIR)/启动图.app/启动图";
			};
			name = Release;
		};
		A385DD5F1C9A96A50090598C /* Debug */ = {
			isa = XCBuildConfiguration;
			buildSettings = {
				INFOPLIST_FILE = "启动图UITests/Info.plist";
				LD_RUNPATH_SEARCH_PATHS = "$(inherited) @executable_path/Frameworks @loader_path/Frameworks";
				PRODUCT_BUNDLE_IDENTIFIER = "RYF.---UITests";
				PRODUCT_NAME = "$(TARGET_NAME)";
				TEST_TARGET_NAME = "启动图";
				USES_XCTRUNNER = YES;
			};
			name = Debug;
		};
		A385DD601C9A96A50090598C /* Release */ = {
			isa = XCBuildConfiguration;
			buildSettings = {
				INFOPLIST_FILE = "启动图UITests/Info.plist";
				LD_RUNPATH_SEARCH_PATHS = "$(inherited) @executable_path/Frameworks @loader_path/Frameworks";
				PRODUCT_BUNDLE_IDENTIFIER = "RYF.---UITests";
				PRODUCT_NAME = "$(TARGET_NAME)";
				TEST_TARGET_NAME = "启动图";
				USES_XCTRUNNER = YES;
			};
			name = Release;
		};
/* End XCBuildConfiguration section */

/* Begin XCConfigurationList section */
		A385DD261C9A96A40090598C /* Build configuration list for PBXProject "启动图" */ = {
			isa = XCConfigurationList;
			buildConfigurations = (
				A385DD561C9A96A50090598C /* Debug */,
				A385DD571C9A96A50090598C /* Release */,
			);
			defaultConfigurationIsVisible = 0;
			defaultConfigurationName = Release;
		};
		A385DD581C9A96A50090598C /* Build configuration list for PBXNativeTarget "启动图" */ = {
			isa = XCConfigurationList;
			buildConfigurations = (
				A385DD591C9A96A50090598C /* Debug */,
				A385DD5A1C9A96A50090598C /* Release */,
			);
			defaultConfigurationIsVisible = 0;
		};
		A385DD5B1C9A96A50090598C /* Build configuration list for PBXNativeTarget "启动图Tests" */ = {
			isa = XCConfigurationList;
			buildConfigurations = (
				A385DD5C1C9A96A50090598C /* Debug */,
				A385DD5D1C9A96A50090598C /* Release */,
			);
			defaultConfigurationIsVisible = 0;
		};
		A385DD5E1C9A96A50090598C /* Build configuration list for PBXNativeTarget "启动图UITests" */ = {
			isa = XCConfigurationList;
			buildConfigurations = (
				A385DD5F1C9A96A50090598C /* Debug */,
				A385DD601C9A96A50090598C /* Release */,
			);
			defaultConfigurationIsVisible = 0;
		};
/* End XCConfigurationList section */
	};
	rootObject = A385DD231C9A96A40090598C /* Project object */;
}
